# This file is automatically @generated by Cargo.
# It is not intended for manual editing.
[[package]]
name = "aho-corasick"
version = "1.1.3"
source = "registry+https://github.com/rust-lang/crates.io-index"
dependencies = [
 "memchr 2.7.4 (registry+https://github.com/rust-lang/crates.io-index)",
]

[[package]]
name = "bytes"
version = "1.10.1"
dependencies = [
 "loom 0.7.2 (registry+https://github.com/rust-lang/crates.io-index)",
 "portable-atomic 1.11.0 (registry+https://github.com/rust-lang/crates.io-index)",
 "serde 1.0.219 (registry+https://github.com/rust-lang/crates.io-index)",
 "serde_test 1.0.177 (registry+https://github.com/rust-lang/crates.io-index)",
]

[[package]]
name = "cc"
version = "1.2.23"
source = "registry+https://github.com/rust-lang/crates.io-index"
dependencies = [
 "shlex 1.3.0 (registry+https://github.com/rust-lang/crates.io-index)",
]

[[package]]
name = "cfg-if"
version = "1.0.0"
source = "registry+https://github.com/rust-lang/crates.io-index"

[[package]]
name = "generator"
version = "0.8.5"
source = "registry+https://github.com/rust-lang/crates.io-index"
dependencies = [
 "cc 1.2.23 (registry+https://github.com/rust-lang/crates.io-index)",
 "cfg-if 1.0.0 (registry+https://github.com/rust-lang/crates.io-index)",
 "libc 0.2.172 (registry+https://github.com/rust-lang/crates.io-index)",
 "log 0.4.27 (registry+https://github.com/rust-lang/crates.io-index)",
 "rustversion 1.0.20 (registry+https://github.com/rust-lang/crates.io-index)",
 "windows 0.61.1 (registry+https://github.com/rust-lang/crates.io-index)",
]

[[package]]
name = "lazy_static"
version = "1.5.0"
source = "registry+https://github.com/rust-lang/crates.io-index"

[[package]]
name = "libc"
version = "0.2.172"
source = "registry+https://github.com/rust-lang/crates.io-index"

[[package]]
name = "log"
version = "0.4.27"
source = "registry+https://github.com/rust-lang/crates.io-index"

[[package]]
name = "loom"
version = "0.7.2"
source = "registry+https://github.com/rust-lang/crates.io-index"
dependencies = [
 "cfg-if 1.0.0 (registry+https://github.com/rust-lang/crates.io-index)",
 "generator 0.8.5 (registry+https://github.com/rust-lang/crates.io-index)",
 "scoped-tls 1.0.1 (registry+https://github.com/rust-lang/crates.io-index)",
 "tracing 0.1.41 (registry+https://github.com/rust-lang/crates.io-index)",
 "tracing-subscriber 0.3.19 (registry+https://github.com/rust-lang/crates.io-index)",
]

[[package]]
name = "matchers"
version = "0.1.0"
source = "registry+https://github.com/rust-lang/crates.io-index"
dependencies = [
 "regex-automata 0.1.10 (registry+https://github.com/rust-lang/crates.io-index)",
]

[[package]]
name = "memchr"
version = "2.7.4"
source = "registry+https://github.com/rust-lang/crates.io-index"

[[package]]
name = "nu-ansi-term"
version = "0.46.0"
source = "registry+https://github.com/rust-lang/crates.io-index"
dependencies = [
 "overload 0.1.1 (registry+https://github.com/rust-lang/crates.io-index)",
 "winapi 0.3.9 (registry+https://github.com/rust-lang/crates.io-index)",
]

[[package]]
name = "once_cell"
version = "1.21.3"
source = "registry+https://github.com/rust-lang/crates.io-index"

[[package]]
name = "overload"
version = "0.1.1"
source = "registry+https://github.com/rust-lang/crates.io-index"

[[package]]
name = "pin-project-lite"
version = "0.2.16"
source = "registry+https://github.com/rust-lang/crates.io-index"

[[package]]
name = "portable-atomic"
version = "1.11.0"
source = "registry+https://github.com/rust-lang/crates.io-index"

[[package]]
name = "proc-macro2"
version = "1.0.95"
source = "registry+https://github.com/rust-lang/crates.io-index"
dependencies = [
 "unicode-ident 1.0.18 (registry+https://github.com/rust-lang/crates.io-index)",
]

[[package]]
name = "quote"
version = "1.0.40"
source = "registry+https://github.com/rust-lang/crates.io-index"
dependencies = [
 "proc-macro2 1.0.95 (registry+https://github.com/rust-lang/crates.io-index)",
]

[[package]]
name = "regex"
version = "1.11.1"
source = "registry+https://github.com/rust-lang/crates.io-index"
dependencies = [
 "aho-corasick 1.1.3 (registry+https://github.com/rust-lang/crates.io-index)",
 "memchr 2.7.4 (registry+https://github.com/rust-lang/crates.io-index)",
 "regex-automata 0.4.9 (registry+https://github.com/rust-lang/crates.io-index)",
 "regex-syntax 0.8.5 (registry+https://github.com/rust-lang/crates.io-index)",
]

[[package]]
name = "regex-automata"
version = "0.1.10"
source = "registry+https://github.com/rust-lang/crates.io-index"
dependencies = [
 "regex-syntax 0.6.29 (registry+https://github.com/rust-lang/crates.io-index)",
]

[[package]]
name = "regex-automata"
version = "0.4.9"
source = "registry+https://github.com/rust-lang/crates.io-index"
dependencies = [
 "aho-corasick 1.1.3 (registry+https://github.com/rust-lang/crates.io-index)",
 "memchr 2.7.4 (registry+https://github.com/rust-lang/crates.io-index)",
 "regex-syntax 0.8.5 (registry+https://github.com/rust-lang/crates.io-index)",
]

[[package]]
name = "regex-syntax"
version = "0.6.29"
source = "registry+https://github.com/rust-lang/crates.io-index"

[[package]]
name = "regex-syntax"
version = "0.8.5"
source = "registry+https://github.com/rust-lang/crates.io-index"

[[package]]
name = "rustversion"
version = "1.0.20"
source = "registry+https://github.com/rust-lang/crates.io-index"

[[package]]
name = "scoped-tls"
version = "1.0.1"
source = "registry+https://github.com/rust-lang/crates.io-index"

[[package]]
name = "serde"
version = "1.0.219"
source = "registry+https://github.com/rust-lang/crates.io-index"
dependencies = [
 "serde_derive 1.0.219 (registry+https://github.com/rust-lang/crates.io-index)",
]

[[package]]
name = "serde_derive"
version = "1.0.219"
source = "registry+https://github.com/rust-lang/crates.io-index"
dependencies = [
 "proc-macro2 1.0.95 (registry+https://github.com/rust-lang/crates.io-index)",
 "quote 1.0.40 (registry+https://github.com/rust-lang/crates.io-index)",
 "syn 2.0.101 (registry+https://github.com/rust-lang/crates.io-index)",
]

[[package]]
name = "serde_test"
version = "1.0.177"
source = "registry+https://github.com/rust-lang/crates.io-index"
dependencies = [
 "serde 1.0.219 (registry+https://github.com/rust-lang/crates.io-index)",
]

[[package]]
name = "sharded-slab"
version = "0.1.7"
source = "registry+https://github.com/rust-lang/crates.io-index"
dependencies = [
 "lazy_static 1.5.0 (registry+https://github.com/rust-lang/crates.io-index)",
]

[[package]]
name = "shlex"
version = "1.3.0"
source = "registry+https://github.com/rust-lang/crates.io-index"

[[package]]
name = "smallvec"
version = "1.15.0"
source = "registry+https://github.com/rust-lang/crates.io-index"

[[package]]
name = "syn"
version = "2.0.101"
source = "registry+https://github.com/rust-lang/crates.io-index"
dependencies = [
 "proc-macro2 1.0.95 (registry+https://github.com/rust-lang/crates.io-index)",
 "quote 1.0.40 (registry+https://github.com/rust-lang/crates.io-index)",
 "unicode-ident 1.0.18 (registry+https://github.com/rust-lang/crates.io-index)",
]

[[package]]
name = "thread_local"
version = "1.1.8"
source = "registry+https://github.com/rust-lang/crates.io-index"
dependencies = [
 "cfg-if 1.0.0 (registry+https://github.com/rust-lang/crates.io-index)",
 "once_cell 1.21.3 (registry+https://github.com/rust-lang/crates.io-index)",
]

[[package]]
name = "tracing"
version = "0.1.41"
source = "registry+https://github.com/rust-lang/crates.io-index"
dependencies = [
 "pin-project-lite 0.2.16 (registry+https://github.com/rust-lang/crates.io-index)",
 "tracing-core 0.1.33 (registry+https://github.com/rust-lang/crates.io-index)",
]

[[package]]
name = "tracing-core"
version = "0.1.33"
source = "registry+https://github.com/rust-lang/crates.io-index"
dependencies = [
 "once_cell 1.21.3 (registry+https://github.com/rust-lang/crates.io-index)",
 "valuable 0.1.1 (registry+https://github.com/rust-lang/crates.io-index)",
]

[[package]]
name = "tracing-log"
version = "0.2.0"
source = "registry+https://github.com/rust-lang/crates.io-index"
dependencies = [
 "log 0.4.27 (registry+https://github.com/rust-lang/crates.io-index)",
 "once_cell 1.21.3 (registry+https://github.com/rust-lang/crates.io-index)",
 "tracing-core 0.1.33 (registry+https://github.com/rust-lang/crates.io-index)",
]

[[package]]
name = "tracing-subscriber"
version = "0.3.19"
source = "registry+https://github.com/rust-lang/crates.io-index"
dependencies = [
 "matchers 0.1.0 (registry+https://github.com/rust-lang/crates.io-index)",
 "nu-ansi-term 0.46.0 (registry+https://github.com/rust-lang/crates.io-index)",
 "once_cell 1.21.3 (registry+https://github.com/rust-lang/crates.io-index)",
 "regex 1.11.1 (registry+https://github.com/rust-lang/crates.io-index)",
 "sharded-slab 0.1.7 (registry+https://github.com/rust-lang/crates.io-index)",
 "smallvec 1.15.0 (registry+https://github.com/rust-lang/crates.io-index)",
 "thread_local 1.1.8 (registry+https://github.com/rust-lang/crates.io-index)",
 "tracing 0.1.41 (registry+https://github.com/rust-lang/crates.io-index)",
 "tracing-core 0.1.33 (registry+https://github.com/rust-lang/crates.io-index)",
 "tracing-log 0.2.0 (registry+https://github.com/rust-lang/crates.io-index)",
]

[[package]]
name = "unicode-ident"
version = "1.0.18"
source = "registry+https://github.com/rust-lang/crates.io-index"

[[package]]
name = "valuable"
version = "0.1.1"
source = "registry+https://github.com/rust-lang/crates.io-index"

[[package]]
name = "winapi"
version = "0.3.9"
source = "registry+https://github.com/rust-lang/crates.io-index"
dependencies = [
 "winapi-i686-pc-windows-gnu 0.4.0 (registry+https://github.com/rust-lang/crates.io-index)",
 "winapi-x86_64-pc-windows-gnu 0.4.0 (registry+https://github.com/rust-lang/crates.io-index)",
]

[[package]]
name = "winapi-i686-pc-windows-gnu"
version = "0.4.0"
source = "registry+https://github.com/rust-lang/crates.io-index"

[[package]]
name = "winapi-x86_64-pc-windows-gnu"
version = "0.4.0"
source = "registry+https://github.com/rust-lang/crates.io-index"

[[package]]
name = "windows"
version = "0.61.1"
source = "registry+https://github.com/rust-lang/crates.io-index"
dependencies = [
 "windows-collections 0.2.0 (registry+https://github.com/rust-lang/crates.io-index)",
 "windows-core 0.61.1 (registry+https://github.com/rust-lang/crates.io-index)",
 "windows-future 0.2.1 (registry+https://github.com/rust-lang/crates.io-index)",
 "windows-link 0.1.1 (registry+https://github.com/rust-lang/crates.io-index)",
 "windows-numerics 0.2.0 (registry+https://github.com/rust-lang/crates.io-index)",
]

[[package]]
name = "windows-collections"
version = "0.2.0"
source = "registry+https://github.com/rust-lang/crates.io-index"
dependencies = [
 "windows-core 0.61.1 (registry+https://github.com/rust-lang/crates.io-index)",
]

[[package]]
name = "windows-core"
version = "0.61.1"
source = "registry+https://github.com/rust-lang/crates.io-index"
dependencies = [
 "windows-implement 0.60.0 (registry+https://github.com/rust-lang/crates.io-index)",
 "windows-interface 0.59.1 (registry+https://github.com/rust-lang/crates.io-index)",
 "windows-link 0.1.1 (registry+https://github.com/rust-lang/crates.io-index)",
 "windows-result 0.3.3 (registry+https://github.com/rust-lang/crates.io-index)",
 "windows-strings 0.4.1 (registry+https://github.com/rust-lang/crates.io-index)",
]

[[package]]
name = "windows-future"
version = "0.2.1"
source = "registry+https://github.com/rust-lang/crates.io-index"
dependencies = [
 "windows-core 0.61.1 (registry+https://github.com/rust-lang/crates.io-index)",
 "windows-link 0.1.1 (registry+https://github.com/rust-lang/crates.io-index)",
 "windows-threading 0.1.0 (registry+https://github.com/rust-lang/crates.io-index)",
]

[[package]]
name = "windows-implement"
version = "0.60.0"
source = "registry+https://github.com/rust-lang/crates.io-index"
dependencies = [
 "proc-macro2 1.0.95 (registry+https://github.com/rust-lang/crates.io-index)",
 "quote 1.0.40 (registry+https://github.com/rust-lang/crates.io-index)",
 "syn 2.0.101 (registry+https://github.com/rust-lang/crates.io-index)",
]

[[package]]
name = "windows-interface"
version = "0.59.1"
source = "registry+https://github.com/rust-lang/crates.io-index"
dependencies = [
 "proc-macro2 1.0.95 (registry+https://github.com/rust-lang/crates.io-index)",
 "quote 1.0.40 (registry+https://github.com/rust-lang/crates.io-index)",
 "syn 2.0.101 (registry+https://github.com/rust-lang/crates.io-index)",
]

[[package]]
name = "windows-link"
version = "0.1.1"
source = "registry+https://github.com/rust-lang/crates.io-index"

[[package]]
name = "windows-numerics"
version = "0.2.0"
source = "registry+https://github.com/rust-lang/crates.io-index"
dependencies = [
 "windows-core 0.61.1 (registry+https://github.com/rust-lang/crates.io-index)",
 "windows-link 0.1.1 (registry+https://github.com/rust-lang/crates.io-index)",
]

[[package]]
name = "windows-result"
version = "0.3.3"
source = "registry+https://github.com/rust-lang/crates.io-index"
dependencies = [
 "windows-link 0.1.1 (registry+https://github.com/rust-lang/crates.io-index)",
]

[[package]]
name = "windows-strings"
version = "0.4.1"
source = "registry+https://github.com/rust-lang/crates.io-index"
dependencies = [
 "windows-link 0.1.1 (registry+https://github.com/rust-lang/crates.io-index)",
]

[[package]]
name = "windows-threading"
version = "0.1.0"
source = "registry+https://github.com/rust-lang/crates.io-index"
dependencies = [
 "windows-link 0.1.1 (registry+https://github.com/rust-lang/crates.io-index)",
]

[metadata]
"checksum aho-corasick 1.1.3 (registry+https://github.com/rust-lang/crates.io-index)" = "8e60d3430d3a69478ad0993f19238d2df97c507009a52b3c10addcd7f6bcb916"
"checksum cc 1.2.23 (registry+https://github.com/rust-lang/crates.io-index)" = "5f4ac86a9e5bc1e2b3449ab9d7d3a6a405e3d1bb28d7b9be8614f55846ae3766"
"checksum cfg-if 1.0.0 (registry+https://github.com/rust-lang/crates.io-index)" = "baf1de4339761588bc0619e3cbc0120ee582ebb74b53b4efbf79117bd2da40fd"
"checksum generator 0.8.5 (registry+https://github.com/rust-lang/crates.io-index)" = "d18470a76cb7f8ff746cf1f7470914f900252ec36bbc40b569d74b1258446827"
"checksum lazy_static 1.5.0 (registry+https://github.com/rust-lang/crates.io-index)" = "bbd2bcb4c963f2ddae06a2efc7e9f3591312473c50c6685e1f298068316e66fe"
"checksum libc 0.2.172 (registry+https://github.com/rust-lang/crates.io-index)" = "d750af042f7ef4f724306de029d18836c26c1765a54a6a3f094cbd23a7267ffa"
"checksum log 0.4.27 (registry+https://github.com/rust-lang/crates.io-index)" = "13dc2df351e3202783a1fe0d44375f7295ffb4049267b0f3018346dc122a1d94"
"checksum loom 0.7.2 (registry+https://github.com/rust-lang/crates.io-index)" = "419e0dc8046cb947daa77eb95ae174acfbddb7673b4151f56d1eed8e93fbfaca"
"checksum matchers 0.1.0 (registry+https://github.com/rust-lang/crates.io-index)" = "8263075bb86c5a1b1427b5ae862e8889656f126e9f77c484496e8b47cf5c5558"
"checksum memchr 2.7.4 (registry+https://github.com/rust-lang/crates.io-index)" = "78ca9ab1a0babb1e7d5695e3530886289c18cf2f87ec19a575a0abdce112e3a3"
"checksum nu-ansi-term 0.46.0 (registry+https://github.com/rust-lang/crates.io-index)" = "77a8165726e8236064dbb45459242600304b42a5ea24ee2948e18e023bf7ba84"
"checksum once_cell 1.21.3 (registry+https://github.com/rust-lang/crates.io-index)" = "42f5e15c9953c5e4ccceeb2e7382a716482c34515315f7b03532b8b4e8393d2d"
"checksum overload 0.1.1 (registry+https://github.com/rust-lang/crates.io-index)" = "b15813163c1d831bf4a13c3610c05c0d03b39feb07f7e09fa234dac9b15aaf39"
"checksum pin-project-lite 0.2.16 (registry+https://github.com/rust-lang/crates.io-index)" = "3b3cff922bd51709b605d9ead9aa71031d81447142d828eb4a6eba76fe619f9b"
"checksum portable-atomic 1.11.0 (registry+https://github.com/rust-lang/crates.io-index)" = "350e9b48cbc6b0e028b0473b114454c6316e57336ee184ceab6e53f72c178b3e"
"checksum proc-macro2 1.0.95 (registry+https://github.com/rust-lang/crates.io-index)" = "02b3e5e68a3a1a02aad3ec490a98007cbc13c37cbe84a3cd7b8e406d76e7f778"
"checksum quote 1.0.40 (registry+https://github.com/rust-lang/crates.io-index)" = "1885c039570dc00dcb4ff087a89e185fd56bae234ddc7f056a945bf36467248d"
"checksum regex 1.11.1 (registry+https://github.com/rust-lang/crates.io-index)" = "b544ef1b4eac5dc2db33ea63606ae9ffcfac26c1416a2806ae0bf5f56b201191"
"checksum regex-automata 0.1.10 (registry+https://github.com/rust-lang/crates.io-index)" = "6c230d73fb8d8c1b9c0b3135c5142a8acee3a0558fb8db5cf1cb65f8d7862132"
"checksum regex-automata 0.4.9 (registry+https://github.com/rust-lang/crates.io-index)" = "809e8dc61f6de73b46c85f4c96486310fe304c434cfa43669d7b40f711150908"
"checksum regex-syntax 0.6.29 (registry+https://github.com/rust-lang/crates.io-index)" = "f162c6dd7b008981e4d40210aca20b4bd0f9b60ca9271061b07f78537722f2e1"
"checksum regex-syntax 0.8.5 (registry+https://github.com/rust-lang/crates.io-index)" = "2b15c43186be67a4fd63bee50d0303afffcef381492ebe2c5d87f324e1b8815c"
"checksum rustversion 1.0.20 (registry+https://github.com/rust-lang/crates.io-index)" = "eded382c5f5f786b989652c49544c4877d9f015cc22e145a5ea8ea66c2921cd2"
"checksum scoped-tls 1.0.1 (registry+https://github.com/rust-lang/crates.io-index)" = "e1cf6437eb19a8f4a6cc0f7dca544973b0b78843adbfeb3683d1a94a0024a294"
"checksum serde 1.0.219 (registry+https://github.com/rust-lang/crates.io-index)" = "5f0e2c6ed6606019b4e29e69dbaba95b11854410e5347d525002456dbbb786b6"
"checksum serde_derive 1.0.219 (registry+https://github.com/rust-lang/crates.io-index)" = "5b0276cf7f2c73365f7157c8123c21cd9a50fbbd844757af28ca1f5925fc2a00"
"checksum serde_test 1.0.177 (registry+https://github.com/rust-lang/crates.io-index)" = "7f901ee573cab6b3060453d2d5f0bae4e6d628c23c0a962ff9b5f1d7c8d4f1ed"
"checksum sharded-slab 0.1.7 (registry+https://github.com/rust-lang/crates.io-index)" = "f40ca3c46823713e0d4209592e8d6e826aa57e928f09752619fc696c499637f6"
"checksum shlex 1.3.0 (registry+https://github.com/rust-lang/crates.io-index)" = "0fda2ff0d084019ba4d7c6f371c95d8fd75ce3524c3cb8fb653a3023f6323e64"
"checksum smallvec 1.15.0 (registry+https://github.com/rust-lang/crates.io-index)" = "8917285742e9f3e1683f0a9c4e6b57960b7314d0b08d30d1ecd426713ee2eee9"
"checksum syn 2.0.101 (registry+https://github.com/rust-lang/crates.io-index)" = "8ce2b7fc941b3a24138a0a7cf8e858bfc6a992e7978a068a5c760deb0ed43caf"
"checksum thread_local 1.1.8 (registry+https://github.com/rust-lang/crates.io-index)" = "8b9ef9bad013ada3808854ceac7b46812a6465ba368859a37e2100283d2d719c"
"checksum tracing 0.1.41 (registry+https://github.com/rust-lang/crates.io-index)" = "784e0ac535deb450455cbfa28a6f0df145ea1bb7ae51b821cf5e7927fdcfbdd0"
"checksum tracing-core 0.1.33 (registry+https://github.com/rust-lang/crates.io-index)" = "e672c95779cf947c5311f83787af4fa8fffd12fb27e4993211a84bdfd9610f9c"
"checksum tracing-log 0.2.0 (registry+https://github.com/rust-lang/crates.io-index)" = "ee855f1f400bd0e5c02d150ae5de3840039a3f54b025156404e34c23c03f47c3"
"checksum tracing-subscriber 0.3.19 (registry+https://github.com/rust-lang/crates.io-index)" = "e8189decb5ac0fa7bc8b96b7cb9b2701d60d48805aca84a238004d665fcc4008"
"checksum unicode-ident 1.0.18 (registry+https://github.com/rust-lang/crates.io-index)" = "5a5f39404a5da50712a4c1eecf25e90dd62b613502b7e925fd4e4d19b5c96512"
"checksum valuable 0.1.1 (registry+https://github.com/rust-lang/crates.io-index)" = "ba73ea9cf16a25df0c8caa16c51acb937d5712a8429db78a3ee29d5dcacd3a65"
"checksum winapi 0.3.9 (registry+https://github.com/rust-lang/crates.io-index)" = "5c839a674fcd7a98952e593242ea400abe93992746761e38641405d28b00f419"
"checksum winapi-i686-pc-windows-gnu 0.4.0 (registry+https://github.com/rust-lang/crates.io-index)" = "ac3b87c63620426dd9b991e5ce0329eff545bccbbb34f3be09ff6fb6ab51b7b6"
"checksum winapi-x86_64-pc-windows-gnu 0.4.0 (registry+https://github.com/rust-lang/crates.io-index)" = "712e227841d057c1ee1cd2fb22fa7e5a5461ae8e48fa2ca79ec42cfc1931183f"
"checksum windows 0.61.1 (registry+https://github.com/rust-lang/crates.io-index)" = "c5ee8f3d025738cb02bad7868bbb5f8a6327501e870bf51f1b455b0a2454a419"
"checksum windows-collections 0.2.0 (registry+https://github.com/rust-lang/crates.io-index)" = "3beeceb5e5cfd9eb1d76b381630e82c4241ccd0d27f1a39ed41b2760b255c5e8"
"checksum windows-core 0.61.1 (registry+https://github.com/rust-lang/crates.io-index)" = "46ec44dc15085cea82cf9c78f85a9114c463a369786585ad2882d1ff0b0acf40"
"checksum windows-future 0.2.1 (registry+https://github.com/rust-lang/crates.io-index)" = "fc6a41e98427b19fe4b73c550f060b59fa592d7d686537eebf9385621bfbad8e"
"checksum windows-implement 0.60.0 (registry+https://github.com/rust-lang/crates.io-index)" = "a47fddd13af08290e67f4acabf4b459f647552718f683a7b415d290ac744a836"
"checksum windows-interface 0.59.1 (registry+https://github.com/rust-lang/crates.io-index)" = "bd9211b69f8dcdfa817bfd14bf1c97c9188afa36f4750130fcdf3f400eca9fa8"
"checksum windows-link 0.1.1 (registry+https://github.com/rust-lang/crates.io-index)" = "76840935b766e1b0a05c0066835fb9ec80071d4c09a16f6bd5f7e655e3c14c38"
"checksum windows-numerics 0.2.0 (registry+https://github.com/rust-lang/crates.io-index)" = "9150af68066c4c5c07ddc0ce30421554771e528bde427614c61038bc2c92c2b1"
"checksum windows-result 0.3.3 (registry+https://github.com/rust-lang/crates.io-index)" = "4b895b5356fc36103d0f64dd1e94dfa7ac5633f1c9dd6e80fe9ec4adef69e09d"
"checksum windows-strings 0.4.1 (registry+https://github.com/rust-lang/crates.io-index)" = "2a7ab927b2637c19b3dbe0965e75d8f2d30bdd697a1516191cad2ec4df8fb28a"
"checksum windows-threading 0.1.0 (registry+https://github.com/rust-lang/crates.io-index)" = "b66463ad2e0ea3bbf808b7f1d371311c80e115c0b71d60efc142cafbcfb057a6"
